
Microsoft Visual Studio Solution File, Format Version 12.00
# Visual Studio Version 16
VisualStudioVersion = 16.0.34114.132
MinimumVisualStudioVersion = 10.0.40219.1
Project("{FAE04EC0-301F-11D3-BF4B-00C04F79EFBC}") = "DelegateFactory", "DelegateFactory\DelegateFactory.csproj", "{E112C294-AA7B-49D6-BDC2-A2F085E0960B}"
EndProject
Global
	GlobalSection(SolutionConfigurationPlatforms) = preSolution
		Debug|Any CPU = Debug|Any CPU
		Release|Any CPU = Release|Any CPU
	EndGlobalSection
	GlobalSection(ProjectConfigurationPlatforms) = postSolution
		{E112C294-AA7B-49D6-BDC2-A2F085E0960B}.Debug|Any CPU.ActiveCfg = Debug|Any CPU
		{E112C294-AA7B-49D6-BDC2-A2F085E0960B}.Debug|Any CPU.Build.0 = Debug|Any CPU
		{E112C294-AA7B-49D6-BDC2-A2F085E0960B}.Release|Any CPU.ActiveCfg = Release|Any CPU
		{E112C294-AA7B-49D6-BDC2-A2F085E0960B}.Release|Any CPU.Build.0 = Release|Any CPU
	EndGlobalSection
	GlobalSection(SolutionProperties) = preSolution
		HideSolutionNode = FALSE
	EndGlobalSection
	GlobalSection(ExtensibilityGlobals) = postSolution
		SolutionGuid = {6FDA9E54-EB5C-492C-BE48-55AA879C51A3}
	EndGlobalSection
EndGlobal
